
Microsoft Visual Studio Solution File, Format Version 12.00
# Visual Studio 15
VisualStudioVersion = 15.0.27703.2042
MinimumVisualStudioVersion = 10.0.40219.1
Project("{FAE04EC0-301F-11D3-BF4B-00C04F79EFBC}") = "LikeParser", "ExpressionEvaluate\LikeParser.csproj", "{60117ED5-3455-449D-9571-35C8C9888957}"
EndProject
Project("{FAE04EC0-301F-11D3-BF4B-00C04F79EFBC}") = "SimpleExpressionEvaluator", "SimpleExpressionEvaluator\SimpleExpressionEvaluator.csproj", "{884A5DE6-F9A9-4A8A-B174-9A2580D3AA12}"
EndProject
Project("{FAE04EC0-301F-11D3-BF4B-00C04F79EFBC}") = "SimpleExpressionEvaluatorTest", "SimpleExpressionEvaluatorTest\SimpleExpressionEvaluatorTest.csproj", "{676E3F9E-7AF3-4932-9A4D-79C5141846E2}"
EndProject
Global
	GlobalSection(SolutionConfigurationPlatforms) = preSolution
		Debug|Any CPU = Debug|Any CPU
		Release|Any CPU = Release|Any CPU
	EndGlobalSection
	GlobalSection(ProjectConfigurationPlatforms) = postSolution
		{60117ED5-3455-449D-9571-35C8C9888957}.Debug|Any CPU.ActiveCfg = Debug|Any CPU
		{60117ED5-3455-449D-9571-35C8C9888957}.Debug|Any CPU.Build.0 = Debug|Any CPU
		{60117ED5-3455-449D-9571-35C8C9888957}.Release|Any CPU.ActiveCfg = Release|Any CPU
		{60117ED5-3455-449D-9571-35C8C9888957}.Release|Any CPU.Build.0 = Release|Any CPU
		{884A5DE6-F9A9-4A8A-B174-9A2580D3AA12}.Debug|Any CPU.ActiveCfg = Debug|Any CPU
		{884A5DE6-F9A9-4A8A-B174-9A2580D3AA12}.Debug|Any CPU.Build.0 = Debug|Any CPU
		{884A5DE6-F9A9-4A8A-B174-9A2580D3AA12}.Release|Any CPU.ActiveCfg = Release|Any CPU
		{884A5DE6-F9A9-4A8A-B174-9A2580D3AA12}.Release|Any CPU.Build.0 = Release|Any CPU
		{676E3F9E-7AF3-4932-9A4D-79C5141846E2}.Debug|Any CPU.ActiveCfg = Debug|Any CPU
		{676E3F9E-7AF3-4932-9A4D-79C5141846E2}.Debug|Any CPU.Build.0 = Debug|Any CPU
		{676E3F9E-7AF3-4932-9A4D-79C5141846E2}.Release|Any CPU.ActiveCfg = Release|Any CPU
		{676E3F9E-7AF3-4932-9A4D-79C5141846E2}.Release|Any CPU.Build.0 = Release|Any CPU
	EndGlobalSection
	GlobalSection(SolutionProperties) = preSolution
		HideSolutionNode = FALSE
	EndGlobalSection
	GlobalSection(ExtensibilityGlobals) = postSolution
		SolutionGuid = {D02CD27D-8D09-4AE8-9A17-E1F56FE0D590}
	EndGlobalSection
EndGlobal
